// !$*UTF8*$!
{
	archiveVersion = 1;
	classes = {
	};
	objectVersion = 46;
	objects = {

/* Begin PBXBuildFile section */
		D071ADAD1CBFC14900DEE236 /* main.m in Sources */ = {isa = PBXBuildFile; fileRef = D071ADAC1CBFC14900DEE236 /* main.m */; };
		D071ADB01CBFC14A00DEE236 /* AppDelegate.m in Sources */ = {isa = PBXBuildFile; fileRef = D071ADAF1CBFC14A00DEE236 /* AppDelegate.m */; };
		D071ADB31CBFC14A00DEE236 /* Temperature.xcdatamodeld in Sources */ = {isa = PBXBuildFile; fileRef = D071ADB11CBFC14A00DEE236 /* Temperature.xcdatamodeld */; };
		D071ADB61CBFC14A00DEE236 /* ViewController.m in Sources */ = {isa = PBXBuildFile; fileRef = D071ADB51CBFC14A00DEE236 /* ViewController.m */; };
		D071ADB91CBFC14A00DEE236 /* Main.storyboard in Resources */ = {isa = PBXBuildFile; fileRef = D071ADB71CBFC14A00DEE236 /* Main.storyboard */; };
		D071ADBB1CBFC14A00DEE236 /* Images.xcassets in Resources */ = {isa = PBXBuildFile; fileRef = D071ADBA1CBFC14A00DEE236 /* Images.xcassets */; };
		D071ADBE1CBFC14A00DEE236 /* LaunchScreen.xib in Resources */ = {isa = PBXBuildFile; fileRef = D071ADBC1CBFC14A00DEE236 /* LaunchScreen.xib */; };
		D071ADCA1CBFC14A00DEE236 /* TemperatureTests.m in Sources */ = {isa = PBXBuildFile; fileRef = D071ADC91CBFC14A00DEE236 /* TemperatureTests.m */; };
/* End PBXBuildFile section */

/* Begin PBXContainerItemProxy section */
		D071ADC41CBFC14A00DEE236 /* PBXContainerItemProxy */ = {
			isa = PBXContainerItemProxy;
			containerPortal = D071AD9F1CBFC14900DEE236 /* Project object */;
			proxyType = 1;
			remoteGlobalIDString = D071ADA61CBFC14900DEE236;
			remoteInfo = Temperature;
		};
/* End PBXContainerItemProxy section */

/* Begin PBXFileReference section */
		D071ADA71CBFC14900DEE236 /* Temperature.app */ = {isa = PBXFileReference; explicitFileType = wrapper.application; includeInIndex = 0; path = Temperature.app; sourceTree = BUILT_PRODUCTS_DIR; };
		D071ADAB1CBFC14900DEE236 /* Info.plist */ = {isa = PBXFileReference; lastKnownFileType = text.plist.xml; path = Info.plist; sourceTree = "<group>"; };
		D071ADAC1CBFC14900DEE236 /* main.m */ = {isa = PBXFileReference; lastKnownFileType = sourcecode.c.objc; path = main.m; sourceTree = "<group>"; };
		D071ADAE1CBFC14900DEE236 /* AppDelegate.h */ = {isa = PBXFileReference; lastKnownFileType = sourcecode.c.h; path = AppDelegate.h; sourceTree = "<group>"; };
		D071ADAF1CBFC14A00DEE236 /* AppDelegate.m */ = {isa = PBXFileReference; lastKnownFileType = sourcecode.c.objc; path = AppDelegate.m; sourceTree = "<group>"; };
		D071ADB21CBFC14A00DEE236 /* Temperature.xcdatamodel */ = {isa = PBXFileReference; lastKnownFileType = wrapper.xcdatamodel; path = Temperature.xcdatamodel; sourceTree = "<group>"; };
		D071ADB41CBFC14A00DEE236 /* ViewController.h */ = {isa = PBXFileReference; lastKnownFileType = sourcecode.c.h; path = ViewController.h; sourceTree = "<group>"; };
		D071ADB51CBFC14A00DEE236 /* ViewController.m */ = {isa = PBXFileReference; lastKnownFileType = sourcecode.c.objc; path = ViewController.m; sourceTree = "<group>"; };
		D071ADB81CBFC14A00DEE236 /* Base */ = {isa = PBXFileReference; lastKnownFileType = file.storyboard; name = Base; path = Base.lproj/Main.storyboard; sourceTree = "<group>"; };
		D071ADBA1CBFC14A00DEE236 /* Images.xcassets */ = {isa = PBXFileReference; lastKnownFileType = folder.assetcatalog; path = Images.xcassets; sourceTree = "<group>"; };
		D071ADBD1CBFC14A00DEE236 /* Base */ = {isa = PBXFileReference; lastKnownFileType = file.xib; name = Base; path = Base.lproj/LaunchScreen.xib; sourceTree = "<group>"; };
		D071ADC31CBFC14A00DEE236 /* TemperatureTests.xctest */ = {isa = PBXFileReference; explicitFileType = wrapper.cfbundle; includeInIndex = 0; path = TemperatureTests.xctest; sourceTree = BUILT_PRODUCTS_DIR; };
		D071ADC81CBFC14A00DEE236 /* Info.plist */ = {isa = PBXFileReference; lastKnownFileType = text.plist.xml; path = Info.plist; sourceTree = "<group>"; };
		D071ADC91CBFC14A00DEE236 /* TemperatureTests.m */ = {isa = PBXFileReference; lastKnownFileType = sourcecode.c.objc; path = TemperatureTests.m; sourceTree = "<group>"; };
/* End PBXFileReference section */

/* Begin PBXFrameworksBuildPhase section */
		D071ADA41CBFC14900DEE236 /* Frameworks */ = {
			isa = PBXFrameworksBuildPhase;
			buildActionMask = 2147483647;
			files = (
			);
			runOnlyForDeploymentPostprocessing = 0;
		};
		D071ADC01CBFC14A00DEE236 /* Frameworks */ = {
			isa = PBXFrameworksBuildPhase;
			buildActionMask = 2147483647;
			files = (
			);
			runOnlyForDeploymentPostprocessing = 0;
		};
/* End PBXFrameworksBuildPhase section */

/* Begin PBXGroup section */
		D071AD9E1CBFC14900DEE236 = {
			isa = PBXGroup;
			children = (
				D071ADA91CBFC14900DEE236 /* Temperature */,
				D071ADC61CBFC14A00DEE236 /* TemperatureTests */,
				D071ADA81CBFC14900DEE236 /* Products */,
			);
			sourceTree = "<group>";
		};
		D071ADA81CBFC14900DEE236 /* Products */ = {
			isa = PBXGroup;
			children = (
				D071ADA71CBFC14900DEE236 /* Temperature.app */,
				D071ADC31CBFC14A00DEE236 /* TemperatureTests.xctest */,
			);
			name = Products;
			sourceTree = "<group>";
		};
		D071ADA91CBFC14900DEE236 /* Temperature */ = {
			isa = PBXGroup;
			children = (
				D071ADAE1CBFC14900DEE236 /* AppDelegate.h */,
				D071ADAF1CBFC14A00DEE236 /* AppDelegate.m */,
				D071ADB41CBFC14A00DEE236 /* ViewController.h */,
				D071ADB51CBFC14A00DEE236 /* ViewController.m */,
				D071ADB71CBFC14A00DEE236 /* Main.storyboard */,
				D071ADBA1CBFC14A00DEE236 /* Images.xcassets */,
				D071ADBC1CBFC14A00DEE236 /* LaunchScreen.xib */,
				D071ADB11CBFC14A00DEE236 /* Temperature.xcdatamodeld */,
				D071ADAA1CBFC14900DEE236 /* Supporting Files */,
			);
			path = Temperature;
			sourceTree = "<group>";
		};
		D071ADAA1CBFC14900DEE236 /* Supporting Files */ = {
			isa = PBXGroup;
			children = (
				D071ADAB1CBFC14900DEE236 /* Info.plist */,
				D071ADAC1CBFC14900DEE236 /* main.m */,
			);
			name = "Supporting Files";
			sourceTree = "<group>";
		};
		D071ADC61CBFC14A00DEE236 /* TemperatureTests */ = {
			isa = PBXGroup;
			children = (
				D071ADC91CBFC14A00DEE236 /* TemperatureTests.m */,
				D071ADC71CBFC14A00DEE236 /* Supporting Files */,
			);
			path = TemperatureTests;
			sourceTree = "<group>";
		};
		D071ADC71CBFC14A00DEE236 /* Supporting Files */ = {
			isa = PBXGroup;
			children = (
				D071ADC81CBFC14A00DEE236 /* Info.plist */,
			);
			name = "Supporting Files";
			sourceTree = "<group>";
		};
/* End PBXGroup section */

/* Begin PBXNativeTarget section */
		D071ADA61CBFC14900DEE236 /* Temperature */ = {
			isa = PBXNativeTarget;
			buildConfigurationList = D071ADCD1CBFC14A00DEE236 /* Build configuration list for PBXNativeTarget "Temperature" */;
			buildPhases = (
				D071ADA31CBFC14900DEE236 /* Sources */,
				D071ADA41CBFC14900DEE236 /* Frameworks */,
				D071ADA51CBFC14900DEE236 /* Resources */,
			);
			buildRules = (
			);
			dependencies = (
			);
			name = Temperature;
			productName = Temperature;
			productReference = D071ADA71CBFC14900DEE236 /* Temperature.app */;
			productType = "com.apple.product-type.application";
		};
		D071ADC21CBFC14A00DEE236 /* TemperatureTests */ = {
			isa = PBXNativeTarget;
			buildConfigurationList = D071ADD01CBFC14A00DEE236 /* Build configuration list for PBXNativeTarget "TemperatureTests" */;
			buildPhases = (
				D071ADBF1CBFC14A00DEE236 /* Sources */,
				D071ADC01CBFC14A00DEE236 /* Frameworks */,
				D071ADC11CBFC14A00DEE236 /* Resources */,
			);
			buildRules = (
			);
			dependencies = (
				D071ADC51CBFC14A00DEE236 /* PBXTargetDependency */,
			);
			name = TemperatureTests;
			productName = TemperatureTests;
			productReference = D071ADC31CBFC14A00DEE236 /* TemperatureTests.xctest */;
			productType = "com.apple.product-type.bundle.unit-test";
		};
/* End PBXNativeTarget section */

/* Begin PBXProject section */
		D071AD9F1CBFC14900DEE236 /* Project object */ = {
			isa = PBXProject;
			attributes = {
				LastUpgradeCheck = 0620;
				ORGANIZATIONNAME = fpmi;
				TargetAttributes = {
					D071ADA61CBFC14900DEE236 = {
						CreatedOnToolsVersion = 6.2;
					};
					D071ADC21CBFC14A00DEE236 = {
						CreatedOnToolsVersion = 6.2;
						TestTargetID = D071ADA61CBFC14900DEE236;
					};
				};
			};
			buildConfigurationList = D071ADA21CBFC14900DEE236 /* Build configuration list for PBXProject "Temperature" */;
			compatibilityVersion = "Xcode 3.2";
			developmentRegion = English;
			hasScannedForEncodings = 0;
			knownRegions = (
				en,
				Base,
			);
			mainGroup = D071AD9E1CBFC14900DEE236;
			productRefGroup = D071ADA81CBFC14900DEE236 /* Products */;
			projectDirPath = "";
			projectRoot = "";
			targets = (
				D071ADA61CBFC14900DEE236 /* Temperature */,
				D071ADC21CBFC14A00DEE236 /* TemperatureTests */,
			);
		};
/* End PBXProject section */

/* Begin PBXResourcesBuildPhase section */
		D071ADA51CBFC14900DEE236 /* Resources */ = {
			isa = PBXResourcesBuildPhase;
			buildActionMask = 2147483647;
			files = (
				D071ADB91CBFC14A00DEE236 /* Main.storyboard in Resources */,
				D071ADBE1CBFC14A00DEE236 /* LaunchScreen.xib in Resources */,
				D071ADBB1CBFC14A00DEE236 /* Images.xcassets in Resources */,
			);
			runOnlyForDeploymentPostprocessing = 0;
		};
		D071ADC11CBFC14A00DEE236 /* Resources */ = {
			isa = PBXResourcesBuildPhase;
			buildActionMask = 2147483647;
			files = (
			);
			runOnlyForDeploymentPostprocessing = 0;
		};
/* End PBXResourcesBuildPhase section */

/* Begin PBXSourcesBuildPhase section */
		D071ADA31CBFC14900DEE236 /* Sources */ = {
			isa = PBXSourcesBuildPhase;
			buildActionMask = 2147483647;
			files = (
				D071ADB01CBFC14A00DEE236 /* AppDelegate.m in Sources */,
				D071ADB31CBFC14A00DEE236 /* Temperature.xcdatamodeld in Sources */,
				D071ADB61CBFC14A00DEE236 /* ViewController.m in Sources */,
				D071ADAD1CBFC14900DEE236 /* main.m in Sources */,
			);
			runOnlyForDeploymentPostprocessing = 0;
		};
		D071ADBF1CBFC14A00DEE236 /* Sources */ = {
			isa = PBXSourcesBuildPhase;
			buildActionMask = 2147483647;
			files = (
				D071ADCA1CBFC14A00DEE236 /* TemperatureTests.m in Sources */,
			);
			runOnlyForDeploymentPostprocessing = 0;
		};
/* End PBXSourcesBuildPhase section */

/* Begin PBXTargetDependency section */
		D071ADC51CBFC14A00DEE236 /* PBXTargetDependency */ = {
			isa = PBXTargetDependency;
			target = D071ADA61CBFC14900DEE236 /* Temperature */;
			targetProxy = D071ADC41CBFC14A00DEE236 /* PBXContainerItemProxy */;
		};
/* End PBXTargetDependency section */

/* Begin PBXVariantGroup section */
		D071ADB71CBFC14A00DEE236 /* Main.storyboard */ = {
			isa = PBXVariantGroup;
			children = (
				D071ADB81CBFC14A00DEE236 /* Base */,
			);
			name = Main.storyboard;
			sourceTree = "<group>";
		};
		D071ADBC1CBFC14A00DEE236 /* LaunchScreen.xib */ = {
			isa = PBXVariantGroup;
			children = (
				D071ADBD1CBFC14A00DEE236 /* Base */,
			);
			name = LaunchScreen.xib;
			sourceTree = "<group>";
		};
/* End PBXVariantGroup section */

/* Begin XCBuildConfiguration section */
		D071ADCB1CBFC14A00DEE236 /* Debug */ = {
			isa = XCBuildConfiguration;
			buildSettings = {
				ALWAYS_SEARCH_USER_PATHS = NO;
				CLANG_CXX_LANGUAGE_STANDARD = "gnu++0x";
				CLANG_CXX_LIBRARY = "libc++";
				CLANG_ENABLE_MODULES = YES;
				CLANG_ENABLE_OBJC_ARC = YES;
				CLANG_WARN_BOOL_CONVERSION = YES;
				CLANG_WARN_CONSTANT_CONVERSION = YES;
				CLANG_WARN_DIRECT_OBJC_ISA_USAGE = YES_ERROR;
				CLANG_WARN_EMPTY_BODY = YES;
				CLANG_WARN_ENUM_CONVERSION = YES;
				CLANG_WARN_INT_CONVERSION = YES;
				CLANG_WARN_OBJC_ROOT_CLASS = YES_ERROR;
				CLANG_WARN_UNREACHABLE_CODE = YES;
				CLANG_WARN__DUPLICATE_METHOD_MATCH = YES;
				"CODE_SIGN_IDENTITY[sdk=iphoneos*]" = "iPhone Developer";
				COPY_PHASE_STRIP = NO;
				ENABLE_STRICT_OBJC_MSGSEND = YES;
				GCC_C_LANGUAGE_STANDARD = gnu99;
				GCC_DYNAMIC_NO_PIC = NO;
				GCC_OPTIMIZATION_LEVEL = 0;
				GCC_PREPROCESSOR_DEFINITIONS = (
					"DEBUG=1",
					"$(inherited)",
				);
				GCC_SYMBOLS_PRIVATE_EXTERN = NO;
				GCC_WARN_64_TO_32_BIT_CONVERSION = YES;
				GCC_WARN_ABOUT_RETURN_TYPE = YES_ERROR;
				GCC_WARN_UNDECLARED_SELECTOR = YES;
				GCC_WARN_UNINITIALIZED_AUTOS = YES_AGGRESSIVE;
				GCC_WARN_UNUSED_FUNCTION = YES;
				GCC_WARN_UNUSED_VARIABLE = YES;
				IPHONEOS_DEPLOYMENT_TARGET = 8.2;
				MTL_ENABLE_DEBUG_INFO = YES;
				ONLY_ACTIVE_ARCH = YES;
				SDKROOT = iphoneos;
			};
			name = Debug;
		};
		D071ADCC1CBFC14A00DEE236 /* Release */ = {
			isa = XCBuildConfiguration;
			buildSettings = {
				ALWAYS_SEARCH_USER_PATHS = NO;
				CLANG_CXX_LANGUAGE_STANDARD = "gnu++0x";
				CLANG_CXX_LIBRARY = "libc++";
				CLANG_ENABLE_MODULES = YES;
				CLANG_ENABLE_OBJC_ARC = YES;
				CLANG_WARN_BOOL_CONVERSION = YES;
				CLANG_WARN_CONSTANT_CONVERSION = YES;
				CLANG_WARN_DIRECT_OBJC_ISA_USAGE = YES_ERROR;
				CLANG_WARN_EMPTY_BODY = YES;
				CLANG_WARN_ENUM_CONVERSION = YES;
				CLANG_WARN_INT_CONVERSION = YES;
				CLANG_WARN_OBJC_ROOT_CLASS = YES_ERROR;
				CLANG_WARN_UNREACHABLE_CODE = YES;
				CLANG_WARN__DUPLICATE_METHOD_MATCH = YES;
				"CODE_SIGN_IDENTITY[sdk=iphoneos*]" = "iPhone Developer";
				COPY_PHASE_STRIP = NO;
				ENABLE_NS_ASSERTIONS = NO;
				ENABLE_STRICT_OBJC_MSGSEND = YES;
				GCC_C_LANGUAGE_STANDARD = gnu99;
				GCC_WARN_64_TO_32_BIT_CONVERSION = YES;
				GCC_WARN_ABOUT_RETURN_TYPE = YES_ERROR;
				GCC_WARN_UNDECLARED_SELECTOR = YES;
				GCC_WARN_UNINITIALIZED_AUTOS = YES_AGGRESSIVE;
				GCC_WARN_UNUSED_FUNCTION = YES;
				GCC_WARN_UNUSED_VARIABLE = YES;
				IPHONEOS_DEPLOYMENT_TARGET = 8.2;
				MTL_ENABLE_DEBUG_INFO = NO;
				SDKROOT = iphoneos;
				VALIDATE_PRODUCT = YES;
			};
			name = Release;
		};
		D071ADCE1CBFC14A00DEE236 /* Debug */ = {
			isa = XCBuildConfiguration;
			buildSettings = {
				ASSETCATALOG_COMPILER_APPICON_NAME = AppIcon;
				INFOPLIST_FILE = Temperature/Info.plist;
				LD_RUNPATH_SEARCH_PATHS = "$(inherited) @executable_path/Frameworks";
				PRODUCT_NAME = "$(TARGET_NAME)";
			};
			name = Debug;
		};
		D071ADCF1CBFC14A00DEE236 /* Release */ = {
			isa = XCBuildConfiguration;
			buildSettings = {
				ASSETCATALOG_COMPILER_APPICON_NAME = AppIcon;
				INFOPLIST_FILE = Temperature/Info.plist;
				LD_RUNPATH_SEARCH_PATHS = "$(inherited) @executable_path/Frameworks";
				PRODUCT_NAME = "$(TARGET_NAME)";
			};
			name = Release;
		};
		D071ADD11CBFC14A00DEE236 /* Debug */ = {
			isa = XCBuildConfiguration;
			buildSettings = {
				BUNDLE_LOADER = "$(TEST_HOST)";
				FRAMEWORK_SEARCH_PATHS = (
					"$(SDKROOT)/Developer/Library/Frameworks",
					"$(inherited)",
				);
				GCC_PREPROCESSOR_DEFINITIONS = (
					"DEBUG=1",
					"$(inherited)",
				);
				INFOPLIST_FILE = TemperatureTests/Info.plist;
				LD_RUNPATH_SEARCH_PATHS = "$(inherited) @executable_path/Frameworks @loader_path/Frameworks";
				PRODUCT_NAME = "$(TARGET_NAME)";
				TEST_HOST = "$(BUILT_PRODUCTS_DIR)/Temperature.app/Temperature";
			};
			name = Debug;
		};
		D071ADD21CBFC14A00DEE236 /* Release */ = {
			isa = XCBuildConfiguration;
			buildSettings = {
				BUNDLE_LOADER = "$(TEST_HOST)";
				FRAMEWORK_SEARCH_PATHS = (
					"$(SDKROOT)/Developer/Library/Frameworks",
					"$(inherited)",
				);
				INFOPLIST_FILE = TemperatureTests/Info.plist;
				LD_RUNPATH_SEARCH_PATHS = "$(inherited) @executable_path/Frameworks @loader_path/Frameworks";
				PRODUCT_NAME = "$(TARGET_NAME)";
				TEST_HOST = "$(BUILT_PRODUCTS_DIR)/Temperature.app/Temperature";
			};
			name = Release;
		};
/* End XCBuildConfiguration section */

/* Begin XCConfigurationList section */
		D071ADA21CBFC14900DEE236 /* Build configuration list for PBXProject "Temperature" */ = {
			isa = XCConfigurationList;
			buildConfigurations = (
				D071ADCB1CBFC14A00DEE236 /* Debug */,
				D071ADCC1CBFC14A00DEE236 /* Release */,
			);
			defaultConfigurationIsVisible = 0;
			defaultConfigurationName = Release;
		};
		D071ADCD1CBFC14A00DEE236 /* Build configuration list for PBXNativeTarget "Temperature" */ = {
			isa = XCConfigurationList;
			buildConfigurations = (
				D071ADCE1CBFC14A00DEE236 /* Debug */,
				D071ADCF1CBFC14A00DEE236 /* Release */,
			);
			defaultConfigurationIsVisible = 0;
		};
		D071ADD01CBFC14A00DEE236 /* Build configuration list for PBXNativeTarget "TemperatureTests" */ = {
			isa = XCConfigurationList;
			buildConfigurations = (
				D071ADD11CBFC14A00DEE236 /* Debug */,
				D071ADD21CBFC14A00DEE236 /* Release */,
			);
			defaultConfigurationIsVisible = 0;
		};
/* End XCConfigurationList section */

/* Begin XCVersionGroup section */
		D071ADB11CBFC14A00DEE236 /* Temperature.xcdatamodeld */ = {
			isa = XCVersionGroup;
			children = (
				D071ADB21CBFC14A00DEE236 /* Temperature.xcdatamodel */,
			);
			currentVersion = D071ADB21CBFC14A00DEE236 /* Temperature.xcdatamodel */;
			path = Temperature.xcdatamodeld;
			sourceTree = "<group>";
			versionGroupType = wrapper.xcdatamodel;
		};
/* End XCVersionGroup section */
	};
	rootObject = D071AD9F1CBFC14900DEE236 /* Project object */;
}
